
Microsoft Visual Studio Solution File, Format Version 12.00
# Visual Studio Version 17
VisualStudioVersion = 17.0.32126.317
MinimumVisualStudioVersion = 10.0.40219.1
Project("{9A19103F-16F7-4668-BE54-9A1E7A4F7556}") = "Client", "Client\Client.csproj", "{A44732F6-9164-49BB-8300-7CAF3CBD8663}"
EndProject
Project("{9A19103F-16F7-4668-BE54-9A1E7A4F7556}") = "Server", "Server\Server.csproj", "{4EFE30B7-AC6E-443E-8D2E-02CCB286A821}"
EndProject
Project("{FAE04EC0-301F-11D3-BF4B-00C04F79EFBC}") = "Client.WinForms", "Client.WinForms\Client.WinForms.csproj", "{10360549-2C6E-4959-8B2E-A7C0DC8E2182}"
EndProject
Project("{FAE04EC0-301F-11D3-BF4B-00C04F79EFBC}") = "Library", "Library\Library.csproj", "{3D946DDB-BC26-48E1-A701-E01606028EEE}"
EndProject
Global
	GlobalSection(SolutionConfigurationPlatforms) = preSolution
		Debug|Any CPU = Debug|Any CPU
		Release|Any CPU = Release|Any CPU
	EndGlobalSection
	GlobalSection(ProjectConfigurationPlatforms) = postSolution
		{A44732F6-9164-49BB-8300-7CAF3CBD8663}.Debug|Any CPU.ActiveCfg = Debug|Any CPU
		{A44732F6-9164-49BB-8300-7CAF3CBD8663}.Debug|Any CPU.Build.0 = Debug|Any CPU
		{A44732F6-9164-49BB-8300-7CAF3CBD8663}.Release|Any CPU.ActiveCfg = Release|Any CPU
		{A44732F6-9164-49BB-8300-7CAF3CBD8663}.Release|Any CPU.Build.0 = Release|Any CPU
		{4EFE30B7-AC6E-443E-8D2E-02CCB286A821}.Debug|Any CPU.ActiveCfg = Debug|Any CPU
		{4EFE30B7-AC6E-443E-8D2E-02CCB286A821}.Debug|Any CPU.Build.0 = Debug|Any CPU
		{4EFE30B7-AC6E-443E-8D2E-02CCB286A821}.Release|Any CPU.ActiveCfg = Release|Any CPU
		{4EFE30B7-AC6E-443E-8D2E-02CCB286A821}.Release|Any CPU.Build.0 = Release|Any CPU
		{10360549-2C6E-4959-8B2E-A7C0DC8E2182}.Debug|Any CPU.ActiveCfg = Debug|Any CPU
		{10360549-2C6E-4959-8B2E-A7C0DC8E2182}.Debug|Any CPU.Build.0 = Debug|Any CPU
		{10360549-2C6E-4959-8B2E-A7C0DC8E2182}.Release|Any CPU.ActiveCfg = Release|Any CPU
		{10360549-2C6E-4959-8B2E-A7C0DC8E2182}.Release|Any CPU.Build.0 = Release|Any CPU
		{3D946DDB-BC26-48E1-A701-E01606028EEE}.Debug|Any CPU.ActiveCfg = Debug|Any CPU
		{3D946DDB-BC26-48E1-A701-E01606028EEE}.Debug|Any CPU.Build.0 = Debug|Any CPU
		{3D946DDB-BC26-48E1-A701-E01606028EEE}.Release|Any CPU.ActiveCfg = Release|Any CPU
		{3D946DDB-BC26-48E1-A701-E01606028EEE}.Release|Any CPU.Build.0 = Release|Any CPU
	EndGlobalSection
	GlobalSection(SolutionProperties) = preSolution
		HideSolutionNode = FALSE
	EndGlobalSection
	GlobalSection(ExtensibilityGlobals) = postSolution
		SolutionGuid = {A5F14E76-EAFB-467E-B2F9-748EB292AD0E}
	EndGlobalSection
EndGlobal
